{
  "nodes": {
    "flakeNimbleLib": {
      "inputs": {
        "nixpkgs": [
          "nixpkgs"
        ]
      },
      "locked": {
        "lastModified": 1662018438,
        "narHash": "sha256-QtNtU6+LX3Wokxf0zlFwKTFOcn6TeDjKQZ+DA9OYtvM=",
        "owner": "riinr",
        "repo": "nim-flakes-lib",
        "rev": "b1fe8340736e3a85d25c709ac3dfd82a55c03cbf",
        "type": "github"
      },
      "original": {
        "owner": "riinr",
        "ref": "master",
        "repo": "nim-flakes-lib",
        "type": "github"
      }
    },
    "mui-master": {
      "inputs": {
        "flakeNimbleLib": [
          "flakeNimbleLib"
        ],
        "nixpkgs": [
          "nixpkgs"
        ],
        "src-mui-master": "src-mui-master"
      },
      "locked": {
        "dir": "master",
        "lastModified": 1667322447,
        "narHash": "sha256-4ySQT7Yh4PwTgCRUGkM9Bhi0DrsyjL5x3UymM+wflIE=",
        "owner": "nim-nix-pkgs",
        "repo": "mui",
        "rev": "d6d1de62788623c42343022aa41e36da23a93209",
        "type": "github"
      },
      "original": {
        "dir": "master",
        "owner": "nim-nix-pkgs",
        "ref": "master",
        "repo": "mui",
        "type": "github"
      }
    },
    "nixpkgs": {
      "locked": {
        "lastModified": 1667199707,
        "narHash": "sha256-I2Js3Y7gUyVSEXPULHlBoRek4Lh85vnevdS6mdvDNLI=",
        "owner": "NixOS",
        "repo": "nixpkgs",
        "rev": "ced197be72099edcfa68ebed8b87af7b04851f45",
        "type": "github"
      },
      "original": {
        "id": "nixpkgs",
        "type": "indirect"
      }
    },
    "root": {
      "inputs": {
        "flakeNimbleLib": "flakeNimbleLib",
        "mui-master": "mui-master",
        "nixpkgs": "nixpkgs"
      }
    },
    "src-mui-master": {
      "flake": false,
      "locked": {
        "lastModified": 1586196976,
        "narHash": "sha256-OieVJdgnldXHUn/JYl7zqV/5DPXjnZNpln8d0JTNuaY=",
        "owner": "angluca",
        "repo": "mui",
        "rev": "f7497f43c8e18bd8ec7179a5862d58bf42d7f931",
        "type": "github"
      },
      "original": {
        "owner": "angluca",
        "ref": "refs/heads/master",
        "repo": "mui",
        "type": "github"
      }
    }
  },
  "root": "root",
  "version": 7
}
